{
  "kit": "github.com/vadimcomanescu/acceptance-pipeline-kit",
  "tag": "v0.1.0",
  "stack": "typescript",
  "binaries": [
    { "name": "gherkin-parser", "path": ".bottega/bin/gherkin-parser", "sha256": "4c5c087b47fd6ecf75e8092eef9755bca476ca663a0e1c09a386433a1206aec9" },
    { "name": "gherkin-mutator", "path": ".bottega/bin/gherkin-mutator", "sha256": "53e0603b4697d930c9e6e94523e77c60daaae554a56ac2fc995a1e81f9faa000" }
  ],
  "npm": { "package": "@aps-kit/typescript", "source": "https://github.com/vadimcomanescu/acceptance-pipeline-kit/releases/download/v0.1.0/aps-kit-typescript-0.1.0.tgz" }
}
